
Microsoft Visual Studio Solution File, Format Version 12.00
# Visual Studio 15
VisualStudioVersion = 15.0.28307.136
MinimumVisualStudioVersion = 10.0.40219.1
Project("{FAE04EC0-301F-11D3-BF4B-00C04F79EFBC}") = "SafeAuthenticater.Android", "SafeAuthenticater\SafeAuthenticater.Android\SafeAuthenticater.Android.csproj", "{13CABCFA-5EE6-4E5F-AEE5-2FD8781D0BFF}"
EndProject
Project("{FAE04EC0-301F-11D3-BF4B-00C04F79EFBC}") = "SafeAuthenticater.iOS", "SafeAuthenticater\SafeAuthenticater.iOS\SafeAuthenticater.iOS.csproj", "{A4819E61-E78C-451C-81F0-3E4290DB0111}"
EndProject
Project("{FAE04EC0-301F-11D3-BF4B-00C04F79EFBC}") = "SafeAuthenticater.UWP", "SafeAuthenticater\SafeAuthenticater.UWP\SafeAuthenticater.UWP.csproj", "{C0DE7463-37D7-4B03-B609-B70F23CFC3D1}"
EndProject
Project("{FAE04EC0-301F-11D3-BF4B-00C04F79EFBC}") = "SafeAuthenticater", "SafeAuthenticater\SafeAuthenticater\SafeAuthenticater.csproj", "{C62C840F-FBDC-4D0E-BF90-7F8E6871A358}"
EndProject
Global
	GlobalSection(SolutionConfigurationPlatforms) = preSolution
		Ad-Hoc|Any CPU = Ad-Hoc|Any CPU
		Ad-Hoc|ARM = Ad-Hoc|ARM
		Ad-Hoc|iPhone = Ad-Hoc|iPhone
		Ad-Hoc|iPhoneSimulator = Ad-Hoc|iPhoneSimulator
		Ad-Hoc|x64 = Ad-Hoc|x64
		Ad-Hoc|x86 = Ad-Hoc|x86
		AppStore|Any CPU = AppStore|Any CPU
		AppStore|ARM = AppStore|ARM
		AppStore|iPhone = AppStore|iPhone
		AppStore|iPhoneSimulator = AppStore|iPhoneSimulator
		AppStore|x64 = AppStore|x64
		AppStore|x86 = AppStore|x86
		Debug|Any CPU = Debug|Any CPU
		Debug|ARM = Debug|ARM
		Debug|iPhone = Debug|iPhone
		Debug|iPhoneSimulator = Debug|iPhoneSimulator
		Debug|x64 = Debug|x64
		Debug|x86 = Debug|x86
		Release|Any CPU = Release|Any CPU
		Release|ARM = Release|ARM
		Release|iPhone = Release|iPhone
		Release|iPhoneSimulator = Release|iPhoneSimulator
		Release|x64 = Release|x64
		Release|x86 = Release|x86
	EndGlobalSection
	GlobalSection(ProjectConfigurationPlatforms) = postSolution
		{13CABCFA-5EE6-4E5F-AEE5-2FD8781D0BFF}.Ad-Hoc|Any CPU.ActiveCfg = Release|Any CPU
		{13CABCFA-5EE6-4E5F-AEE5-2FD8781D0BFF}.Ad-Hoc|Any CPU.Build.0 = Release|Any CPU
		{13CABCFA-5EE6-4E5F-AEE5-2FD8781D0BFF}.Ad-Hoc|Any CPU.Deploy.0 = Release|Any CPU
		{13CABCFA-5EE6-4E5F-AEE5-2FD8781D0BFF}.Ad-Hoc|ARM.ActiveCfg = Release|Any CPU
		{13CABCFA-5EE6-4E5F-AEE5-2FD8781D0BFF}.Ad-Hoc|ARM.Build.0 = Release|Any CPU
		{13CABCFA-5EE6-4E5F-AEE5-2FD8781D0BFF}.Ad-Hoc|ARM.Deploy.0 = Release|Any CPU
		{13CABCFA-5EE6-4E5F-AEE5-2FD8781D0BFF}.Ad-Hoc|iPhone.ActiveCfg = Release|Any CPU
		{13CABCFA-5EE6-4E5F-AEE5-2FD8781D0BFF}.Ad-Hoc|iPhone.Build.0 = Release|Any CPU
		{13CABCFA-5EE6-4E5F-AEE5-2FD8781D0BFF}.Ad-Hoc|iPhone.Deploy.0 = Release|Any CPU
		{13CABCFA-5EE6-4E5F-AEE5-2FD8781D0BFF}.Ad-Hoc|iPhoneSimulator.ActiveCfg = Release|Any CPU
		{13CABCFA-5EE6-4E5F-AEE5-2FD8781D0BFF}.Ad-Hoc|iPhoneSimulator.Build.0 = Release|Any CPU
		{13CABCFA-5EE6-4E5F-AEE5-2FD8781D0BFF}.Ad-Hoc|iPhoneSimulator.Deploy.0 = Release|Any CPU
		{13CABCFA-5EE6-4E5F-AEE5-2FD8781D0BFF}.Ad-Hoc|x64.ActiveCfg = Release|Any CPU
		{13CABCFA-5EE6-4E5F-AEE5-2FD8781D0BFF}.Ad-Hoc|x64.Build.0 = Release|Any CPU
		{13CABCFA-5EE6-4E5F-AEE5-2FD8781D0BFF}.Ad-Hoc|x64.Deploy.0 = Release|Any CPU
		{13CABCFA-5EE6-4E5F-AEE5-2FD8781D0BFF}.Ad-Hoc|x86.ActiveCfg = Release|Any CPU
		{13CABCFA-5EE6-4E5F-AEE5-2FD8781D0BFF}.Ad-Hoc|x86.Build.0 = Release|Any CPU
		{13CABCFA-5EE6-4E5F-AEE5-2FD8781D0BFF}.Ad-Hoc|x86.Deploy.0 = Release|Any CPU
		{13CABCFA-5EE6-4E5F-AEE5-2FD8781D0BFF}.AppStore|Any CPU.ActiveCfg = Release|Any CPU
		{13CABCFA-5EE6-4E5F-AEE5-2FD8781D0BFF}.AppStore|Any CPU.Build.0 = Release|Any CPU
		{13CABCFA-5EE6-4E5F-AEE5-2FD8781D0BFF}.AppStore|Any CPU.Deploy.0 = Release|Any CPU
		{13CABCFA-5EE6-4E5F-AEE5-2FD8781D0BFF}.AppStore|ARM.ActiveCfg = Release|Any CPU
		{13CABCFA-5EE6-4E5F-AEE5-2FD8781D0BFF}.AppStore|ARM.Build.0 = Release|Any CPU
		{13CABCFA-5EE6-4E5F-AEE5-2FD8781D0BFF}.AppStore|ARM.Deploy.0 = Release|Any CPU
		{13CABCFA-5EE6-4E5F-AEE5-2FD8781D0BFF}.AppStore|iPhone.ActiveCfg = Release|Any CPU
		{13CABCFA-5EE6-4E5F-AEE5-2FD8781D0BFF}.AppStore|iPhone.Build.0 = Release|Any CPU
		{13CABCFA-5EE6-4E5F-AEE5-2FD8781D0BFF}.AppStore|iPhone.Deploy.0 = Release|Any CPU
		{13CABCFA-5EE6-4E5F-AEE5-2FD8781D0BFF}.AppStore|iPhoneSimulator.ActiveCfg = Release|Any CPU
		{13CABCFA-5EE6-4E5F-AEE5-2FD8781D0BFF}.AppStore|iPhoneSimulator.Build.0 = Release|Any CPU
		{13CABCFA-5EE6-4E5F-AEE5-2FD8781D0BFF}.AppStore|iPhoneSimulator.Deploy.0 = Release|Any CPU
		{13CABCFA-5EE6-4E5F-AEE5-2FD8781D0BFF}.AppStore|x64.ActiveCfg = Release|Any CPU
		{13CABCFA-5EE6-4E5F-AEE5-2FD8781D0BFF}.AppStore|x64.Build.0 = Release|Any CPU
		{13CABCFA-5EE6-4E5F-AEE5-2FD8781D0BFF}.AppStore|x64.Deploy.0 = Release|Any CPU
		{13CABCFA-5EE6-4E5F-AEE5-2FD8781D0BFF}.AppStore|x86.ActiveCfg = Release|Any CPU
		{13CABCFA-5EE6-4E5F-AEE5-2FD8781D0BFF}.AppStore|x86.Build.0 = Release|Any CPU
		{13CABCFA-5EE6-4E5F-AEE5-2FD8781D0BFF}.AppStore|x86.Deploy.0 = Release|Any CPU
		{13CABCFA-5EE6-4E5F-AEE5-2FD8781D0BFF}.Debug|Any CPU.ActiveCfg = Debug|Any CPU
		{13CABCFA-5EE6-4E5F-AEE5-2FD8781D0BFF}.Debug|Any CPU.Build.0 = Debug|Any CPU
		{13CABCFA-5EE6-4E5F-AEE5-2FD8781D0BFF}.Debug|Any CPU.Deploy.0 = Debug|Any CPU
		{13CABCFA-5EE6-4E5F-AEE5-2FD8781D0BFF}.Debug|ARM.ActiveCfg = Debug|Any CPU
		{13CABCFA-5EE6-4E5F-AEE5-2FD8781D0BFF}.Debug|ARM.Build.0 = Debug|Any CPU
		{13CABCFA-5EE6-4E5F-AEE5-2FD8781D0BFF}.Debug|ARM.Deploy.0 = Debug|Any CPU
		{13CABCFA-5EE6-4E5F-AEE5-2FD8781D0BFF}.Debug|iPhone.ActiveCfg = Debug|Any CPU
		{13CABCFA-5EE6-4E5F-AEE5-2FD8781D0BFF}.Debug|iPhone.Build.0 = Debug|Any CPU
		{13CABCFA-5EE6-4E5F-AEE5-2FD8781D0BFF}.Debug|iPhone.Deploy.0 = Debug|Any CPU
		{13CABCFA-5EE6-4E5F-AEE5-2FD8781D0BFF}.Debug|iPhoneSimulator.ActiveCfg = Debug|Any CPU
		{13CABCFA-5EE6-4E5F-AEE5-2FD8781D0BFF}.Debug|iPhoneSimulator.Build.0 = Debug|Any CPU
		{13CABCFA-5EE6-4E5F-AEE5-2FD8781D0BFF}.Debug|iPhoneSimulator.Deploy.0 = Debug|Any CPU
		{13CABCFA-5EE6-4E5F-AEE5-2FD8781D0BFF}.Debug|x64.ActiveCfg = Debug|Any CPU
		{13CABCFA-5EE6-4E5F-AEE5-2FD8781D0BFF}.Debug|x64.Build.0 = Debug|Any CPU
		{13CABCFA-5EE6-4E5F-AEE5-2FD8781D0BFF}.Debug|x64.Deploy.0 = Debug|Any CPU
		{13CABCFA-5EE6-4E5F-AEE5-2FD8781D0BFF}.Debug|x86.ActiveCfg = Debug|Any CPU
		{13CABCFA-5EE6-4E5F-AEE5-2FD8781D0BFF}.Debug|x86.Build.0 = Debug|Any CPU
		{13CABCFA-5EE6-4E5F-AEE5-2FD8781D0BFF}.Debug|x86.Deploy.0 = Debug|Any CPU
		{13CABCFA-5EE6-4E5F-AEE5-2FD8781D0BFF}.Release|Any CPU.ActiveCfg = Release|Any CPU
		{13CABCFA-5EE6-4E5F-AEE5-2FD8781D0BFF}.Release|Any CPU.Build.0 = Release|Any CPU
		{13CABCFA-5EE6-4E5F-AEE5-2FD8781D0BFF}.Release|Any CPU.Deploy.0 = Release|Any CPU
		{13CABCFA-5EE6-4E5F-AEE5-2FD8781D0BFF}.Release|ARM.ActiveCfg = Release|Any CPU
		{13CABCFA-5EE6-4E5F-AEE5-2FD8781D0BFF}.Release|ARM.Build.0 = Release|Any CPU
		{13CABCFA-5EE6-4E5F-AEE5-2FD8781D0BFF}.Release|ARM.Deploy.0 = Release|Any CPU
		{13CABCFA-5EE6-4E5F-AEE5-2FD8781D0BFF}.Release|iPhone.ActiveCfg = Release|Any CPU
		{13CABCFA-5EE6-4E5F-AEE5-2FD8781D0BFF}.Release|iPhone.Build.0 = Release|Any CPU
		{13CABCFA-5EE6-4E5F-AEE5-2FD8781D0BFF}.Release|iPhone.Deploy.0 = Release|Any CPU
		{13CABCFA-5EE6-4E5F-AEE5-2FD8781D0BFF}.Release|iPhoneSimulator.ActiveCfg = Release|Any CPU
		{13CABCFA-5EE6-4E5F-AEE5-2FD8781D0BFF}.Release|iPhoneSimulator.Build.0 = Release|Any CPU
		{13CABCFA-5EE6-4E5F-AEE5-2FD8781D0BFF}.Release|iPhoneSimulator.Deploy.0 = Release|Any CPU
		{13CABCFA-5EE6-4E5F-AEE5-2FD8781D0BFF}.Release|x64.ActiveCfg = Release|Any CPU
		{13CABCFA-5EE6-4E5F-AEE5-2FD8781D0BFF}.Release|x64.Build.0 = Release|Any CPU
		{13CABCFA-5EE6-4E5F-AEE5-2FD8781D0BFF}.Release|x64.Deploy.0 = Release|Any CPU
		{13CABCFA-5EE6-4E5F-AEE5-2FD8781D0BFF}.Release|x86.ActiveCfg = Release|Any CPU
		{13CABCFA-5EE6-4E5F-AEE5-2FD8781D0BFF}.Release|x86.Build.0 = Release|Any CPU
		{13CABCFA-5EE6-4E5F-AEE5-2FD8781D0BFF}.Release|x86.Deploy.0 = Release|Any CPU
		{A4819E61-E78C-451C-81F0-3E4290DB0111}.Ad-Hoc|Any CPU.ActiveCfg = Ad-Hoc|iPhone
		{A4819E61-E78C-451C-81F0-3E4290DB0111}.Ad-Hoc|Any CPU.Build.0 = Ad-Hoc|iPhone
		{A4819E61-E78C-451C-81F0-3E4290DB0111}.Ad-Hoc|Any CPU.Deploy.0 = Ad-Hoc|iPhone
		{A4819E61-E78C-451C-81F0-3E4290DB0111}.Ad-Hoc|ARM.ActiveCfg = Ad-Hoc|iPhone
		{A4819E61-E78C-451C-81F0-3E4290DB0111}.Ad-Hoc|ARM.Build.0 = Ad-Hoc|iPhone
		{A4819E61-E78C-451C-81F0-3E4290DB0111}.Ad-Hoc|ARM.Deploy.0 = Ad-Hoc|iPhone
		{A4819E61-E78C-451C-81F0-3E4290DB0111}.Ad-Hoc|iPhone.ActiveCfg = Ad-Hoc|iPhone
		{A4819E61-E78C-451C-81F0-3E4290DB0111}.Ad-Hoc|iPhone.Build.0 = Ad-Hoc|iPhone
		{A4819E61-E78C-451C-81F0-3E4290DB0111}.Ad-Hoc|iPhone.Deploy.0 = Ad-Hoc|iPhone
		{A4819E61-E78C-451C-81F0-3E4290DB0111}.Ad-Hoc|iPhoneSimulator.ActiveCfg = Ad-Hoc|iPhoneSimulator
		{A4819E61-E78C-451C-81F0-3E4290DB0111}.Ad-Hoc|iPhoneSimulator.Build.0 = Ad-Hoc|iPhoneSimulator
		{A4819E61-E78C-451C-81F0-3E4290DB0111}.Ad-Hoc|iPhoneSimulator.Deploy.0 = Ad-Hoc|iPhoneSimulator
		{A4819E61-E78C-451C-81F0-3E4290DB0111}.Ad-Hoc|x64.ActiveCfg = Ad-Hoc|iPhone
		{A4819E61-E78C-451C-81F0-3E4290DB0111}.Ad-Hoc|x64.Build.0 = Ad-Hoc|iPhone
		{A4819E61-E78C-451C-81F0-3E4290DB0111}.Ad-Hoc|x64.Deploy.0 = Ad-Hoc|iPhone
		{A4819E61-E78C-451C-81F0-3E4290DB0111}.Ad-Hoc|x86.ActiveCfg = Ad-Hoc|iPhone
		{A4819E61-E78C-451C-81F0-3E4290DB0111}.Ad-Hoc|x86.Build.0 = Ad-Hoc|iPhone
		{A4819E61-E78C-451C-81F0-3E4290DB0111}.Ad-Hoc|x86.Deploy.0 = Ad-Hoc|iPhone
		{A4819E61-E78C-451C-81F0-3E4290DB0111}.AppStore|Any CPU.ActiveCfg = AppStore|iPhone
		{A4819E61-E78C-451C-81F0-3E4290DB0111}.AppStore|Any CPU.Build.0 = AppStore|iPhone
		{A4819E61-E78C-451C-81F0-3E4290DB0111}.AppStore|Any CPU.Deploy.0 = AppStore|iPhone
		{A4819E61-E78C-451C-81F0-3E4290DB0111}.AppStore|ARM.ActiveCfg = AppStore|iPhone
		{A4819E61-E78C-451C-81F0-3E4290DB0111}.AppStore|ARM.Build.0 = AppStore|iPhone
		{A4819E61-E78C-451C-81F0-3E4290DB0111}.AppStore|ARM.Deploy.0 = AppStore|iPhone
		{A4819E61-E78C-451C-81F0-3E4290DB0111}.AppStore|iPhone.ActiveCfg = AppStore|iPhone
		{A4819E61-E78C-451C-81F0-3E4290DB0111}.AppStore|iPhone.Build.0 = AppStore|iPhone
		{A4819E61-E78C-451C-81F0-3E4290DB0111}.AppStore|iPhone.Deploy.0 = AppStore|iPhone
		{A4819E61-E78C-451C-81F0-3E4290DB0111}.AppStore|iPhoneSimulator.ActiveCfg = AppStore|iPhoneSimulator
		{A4819E61-E78C-451C-81F0-3E4290DB0111}.AppStore|iPhoneSimulator.Build.0 = AppStore|iPhoneSimulator
		{A4819E61-E78C-451C-81F0-3E4290DB0111}.AppStore|iPhoneSimulator.Deploy.0 = AppStore|iPhoneSimulator
		{A4819E61-E78C-451C-81F0-3E4290DB0111}.AppStore|x64.ActiveCfg = AppStore|iPhone
		{A4819E61-E78C-451C-81F0-3E4290DB0111}.AppStore|x64.Build.0 = AppStore|iPhone
		{A4819E61-E78C-451C-81F0-3E4290DB0111}.AppStore|x64.Deploy.0 = AppStore|iPhone
		{A4819E61-E78C-451C-81F0-3E4290DB0111}.AppStore|x86.ActiveCfg = AppStore|iPhone
		{A4819E61-E78C-451C-81F0-3E4290DB0111}.AppStore|x86.Build.0 = AppStore|iPhone
		{A4819E61-E78C-451C-81F0-3E4290DB0111}.AppStore|x86.Deploy.0 = AppStore|iPhone
		{A4819E61-E78C-451C-81F0-3E4290DB0111}.Debug|Any CPU.ActiveCfg = Debug|iPhoneSimulator
		{A4819E61-E78C-451C-81F0-3E4290DB0111}.Debug|Any CPU.Build.0 = Debug|iPhoneSimulator
		{A4819E61-E78C-451C-81F0-3E4290DB0111}.Debug|Any CPU.Deploy.0 = Debug|iPhoneSimulator
		{A4819E61-E78C-451C-81F0-3E4290DB0111}.Debug|ARM.ActiveCfg = Debug|iPhone
		{A4819E61-E78C-451C-81F0-3E4290DB0111}.Debug|ARM.Build.0 = Debug|iPhone
		{A4819E61-E78C-451C-81F0-3E4290DB0111}.Debug|ARM.Deploy.0 = Debug|iPhone
		{A4819E61-E78C-451C-81F0-3E4290DB0111}.Debug|iPhone.ActiveCfg = Debug|iPhone
		{A4819E61-E78C-451C-81F0-3E4290DB0111}.Debug|iPhone.Build.0 = Debug|iPhone
		{A4819E61-E78C-451C-81F0-3E4290DB0111}.Debug|iPhone.Deploy.0 = Debug|iPhone
		{A4819E61-E78C-451C-81F0-3E4290DB0111}.Debug|iPhoneSimulator.ActiveCfg = Debug|iPhoneSimulator
		{A4819E61-E78C-451C-81F0-3E4290DB0111}.Debug|iPhoneSimulator.Build.0 = Debug|iPhoneSimulator
		{A4819E61-E78C-451C-81F0-3E4290DB0111}.Debug|iPhoneSimulator.Deploy.0 = Debug|iPhoneSimulator
		{A4819E61-E78C-451C-81F0-3E4290DB0111}.Debug|x64.ActiveCfg = Debug|iPhone
		{A4819E61-E78C-451C-81F0-3E4290DB0111}.Debug|x64.Build.0 = Debug|iPhone
		{A4819E61-E78C-451C-81F0-3E4290DB0111}.Debug|x64.Deploy.0 = Debug|iPhone
		{A4819E61-E78C-451C-81F0-3E4290DB0111}.Debug|x86.ActiveCfg = Debug|iPhone
		{A4819E61-E78C-451C-81F0-3E4290DB0111}.Debug|x86.Build.0 = Debug|iPhone
		{A4819E61-E78C-451C-81F0-3E4290DB0111}.Debug|x86.Deploy.0 = Debug|iPhone
		{A4819E61-E78C-451C-81F0-3E4290DB0111}.Release|Any CPU.ActiveCfg = Release|iPhone
		{A4819E61-E78C-451C-81F0-3E4290DB0111}.Release|Any CPU.Build.0 = Release|iPhone
		{A4819E61-E78C-451C-81F0-3E4290DB0111}.Release|Any CPU.Deploy.0 = Release|iPhone
		{A4819E61-E78C-451C-81F0-3E4290DB0111}.Release|ARM.ActiveCfg = Release|iPhone
		{A4819E61-E78C-451C-81F0-3E4290DB0111}.Release|ARM.Build.0 = Release|iPhone
		{A4819E61-E78C-451C-81F0-3E4290DB0111}.Release|ARM.Deploy.0 = Release|iPhone
		{A4819E61-E78C-451C-81F0-3E4290DB0111}.Release|iPhone.ActiveCfg = Release|iPhone
		{A4819E61-E78C-451C-81F0-3E4290DB0111}.Release|iPhone.Build.0 = Release|iPhone
		{A4819E61-E78C-451C-81F0-3E4290DB0111}.Release|iPhone.Deploy.0 = Release|iPhone
		{A4819E61-E78C-451C-81F0-3E4290DB0111}.Release|iPhoneSimulator.ActiveCfg = Release|iPhoneSimulator
		{A4819E61-E78C-451C-81F0-3E4290DB0111}.Release|iPhoneSimulator.Build.0 = Release|iPhoneSimulator
		{A4819E61-E78C-451C-81F0-3E4290DB0111}.Release|iPhoneSimulator.Deploy.0 = Release|iPhoneSimulator
		{A4819E61-E78C-451C-81F0-3E4290DB0111}.Release|x64.ActiveCfg = Release|iPhone
		{A4819E61-E78C-451C-81F0-3E4290DB0111}.Release|x64.Build.0 = Release|iPhone
		{A4819E61-E78C-451C-81F0-3E4290DB0111}.Release|x64.Deploy.0 = Release|iPhone
		{A4819E61-E78C-451C-81F0-3E4290DB0111}.Release|x86.ActiveCfg = Release|iPhone
		{A4819E61-E78C-451C-81F0-3E4290DB0111}.Release|x86.Build.0 = Release|iPhone
		{A4819E61-E78C-451C-81F0-3E4290DB0111}.Release|x86.Deploy.0 = Release|iPhone
		{C0DE7463-37D7-4B03-B609-B70F23CFC3D1}.Ad-Hoc|Any CPU.ActiveCfg = Release|x86
		{C0DE7463-37D7-4B03-B609-B70F23CFC3D1}.Ad-Hoc|Any CPU.Build.0 = Release|x86
		{C0DE7463-37D7-4B03-B609-B70F23CFC3D1}.Ad-Hoc|Any CPU.Deploy.0 = Release|x86
		{C0DE7463-37D7-4B03-B609-B70F23CFC3D1}.Ad-Hoc|ARM.ActiveCfg = Release|ARM
		{C0DE7463-37D7-4B03-B609-B70F23CFC3D1}.Ad-Hoc|ARM.Build.0 = Release|ARM
		{C0DE7463-37D7-4B03-B609-B70F23CFC3D1}.Ad-Hoc|ARM.Deploy.0 = Release|ARM
		{C0DE7463-37D7-4B03-B609-B70F23CFC3D1}.Ad-Hoc|iPhone.ActiveCfg = Release|x86
		{C0DE7463-37D7-4B03-B609-B70F23CFC3D1}.Ad-Hoc|iPhone.Build.0 = Release|x86
		{C0DE7463-37D7-4B03-B609-B70F23CFC3D1}.Ad-Hoc|iPhone.Deploy.0 = Release|x86
		{C0DE7463-37D7-4B03-B609-B70F23CFC3D1}.Ad-Hoc|iPhoneSimulator.ActiveCfg = Release|x86
		{C0DE7463-37D7-4B03-B609-B70F23CFC3D1}.Ad-Hoc|iPhoneSimulator.Build.0 = Release|x86
		{C0DE7463-37D7-4B03-B609-B70F23CFC3D1}.Ad-Hoc|iPhoneSimulator.Deploy.0 = Release|x86
		{C0DE7463-37D7-4B03-B609-B70F23CFC3D1}.Ad-Hoc|x64.ActiveCfg = Release|x64
		{C0DE7463-37D7-4B03-B609-B70F23CFC3D1}.Ad-Hoc|x64.Build.0 = Release|x64
		{C0DE7463-37D7-4B03-B609-B70F23CFC3D1}.Ad-Hoc|x64.Deploy.0 = Release|x64
		{C0DE7463-37D7-4B03-B609-B70F23CFC3D1}.Ad-Hoc|x86.ActiveCfg = Release|x86
		{C0DE7463-37D7-4B03-B609-B70F23CFC3D1}.Ad-Hoc|x86.Build.0 = Release|x86
		{C0DE7463-37D7-4B03-B609-B70F23CFC3D1}.Ad-Hoc|x86.Deploy.0 = Release|x86
		{C0DE7463-37D7-4B03-B609-B70F23CFC3D1}.AppStore|Any CPU.ActiveCfg = Release|x86
		{C0DE7463-37D7-4B03-B609-B70F23CFC3D1}.AppStore|Any CPU.Build.0 = Release|x86
		{C0DE7463-37D7-4B03-B609-B70F23CFC3D1}.AppStore|Any CPU.Deploy.0 = Release|x86
		{C0DE7463-37D7-4B03-B609-B70F23CFC3D1}.AppStore|ARM.ActiveCfg = Release|ARM
		{C0DE7463-37D7-4B03-B609-B70F23CFC3D1}.AppStore|ARM.Build.0 = Release|ARM
		{C0DE7463-37D7-4B03-B609-B70F23CFC3D1}.AppStore|ARM.Deploy.0 = Release|ARM
		{C0DE7463-37D7-4B03-B609-B70F23CFC3D1}.AppStore|iPhone.ActiveCfg = Release|x86
		{C0DE7463-37D7-4B03-B609-B70F23CFC3D1}.AppStore|iPhone.Build.0 = Release|x86
		{C0DE7463-37D7-4B03-B609-B70F23CFC3D1}.AppStore|iPhone.Deploy.0 = Release|x86
		{C0DE7463-37D7-4B03-B609-B70F23CFC3D1}.AppStore|iPhoneSimulator.ActiveCfg = Release|x86
		{C0DE7463-37D7-4B03-B609-B70F23CFC3D1}.AppStore|iPhoneSimulator.Build.0 = Release|x86
		{C0DE7463-37D7-4B03-B609-B70F23CFC3D1}.AppStore|iPhoneSimulator.Deploy.0 = Release|x86
		{C0DE7463-37D7-4B03-B609-B70F23CFC3D1}.AppStore|x64.ActiveCfg = Release|x64
		{C0DE7463-37D7-4B03-B609-B70F23CFC3D1}.AppStore|x64.Build.0 = Release|x64
		{C0DE7463-37D7-4B03-B609-B70F23CFC3D1}.AppStore|x64.Deploy.0 = Release|x64
		{C0DE7463-37D7-4B03-B609-B70F23CFC3D1}.AppStore|x86.ActiveCfg = Release|x86
		{C0DE7463-37D7-4B03-B609-B70F23CFC3D1}.AppStore|x86.Build.0 = Release|x86
		{C0DE7463-37D7-4B03-B609-B70F23CFC3D1}.AppStore|x86.Deploy.0 = Release|x86
		{C0DE7463-37D7-4B03-B609-B70F23CFC3D1}.Debug|Any CPU.ActiveCfg = Debug|x86
		{C0DE7463-37D7-4B03-B609-B70F23CFC3D1}.Debug|Any CPU.Build.0 = Debug|x86
		{C0DE7463-37D7-4B03-B609-B70F23CFC3D1}.Debug|Any CPU.Deploy.0 = Debug|x86
		{C0DE7463-37D7-4B03-B609-B70F23CFC3D1}.Debug|ARM.ActiveCfg = Debug|ARM
		{C0DE7463-37D7-4B03-B609-B70F23CFC3D1}.Debug|ARM.Build.0 = Debug|ARM
		{C0DE7463-37D7-4B03-B609-B70F23CFC3D1}.Debug|ARM.Deploy.0 = Debug|ARM
		{C0DE7463-37D7-4B03-B609-B70F23CFC3D1}.Debug|iPhone.ActiveCfg = Debug|x86
		{C0DE7463-37D7-4B03-B609-B70F23CFC3D1}.Debug|iPhone.Build.0 = Debug|x86
		{C0DE7463-37D7-4B03-B609-B70F23CFC3D1}.Debug|iPhone.Deploy.0 = Debug|x86
		{C0DE7463-37D7-4B03-B609-B70F23CFC3D1}.Debug|iPhoneSimulator.ActiveCfg = Debug|x86
		{C0DE7463-37D7-4B03-B609-B70F23CFC3D1}.Debug|iPhoneSimulator.Build.0 = Debug|x86
		{C0DE7463-37D7-4B03-B609-B70F23CFC3D1}.Debug|iPhoneSimulator.Deploy.0 = Debug|x86
		{C0DE7463-37D7-4B03-B609-B70F23CFC3D1}.Debug|x64.ActiveCfg = Debug|x64
		{C0DE7463-37D7-4B03-B609-B70F23CFC3D1}.Debug|x64.Build.0 = Debug|x64
		{C0DE7463-37D7-4B03-B609-B70F23CFC3D1}.Debug|x64.Deploy.0 = Debug|x64
		{C0DE7463-37D7-4B03-B609-B70F23CFC3D1}.Debug|x86.ActiveCfg = Debug|x86
		{C0DE7463-37D7-4B03-B609-B70F23CFC3D1}.Debug|x86.Build.0 = Debug|x86
		{C0DE7463-37D7-4B03-B609-B70F23CFC3D1}.Debug|x86.Deploy.0 = Debug|x86
		{C0DE7463-37D7-4B03-B609-B70F23CFC3D1}.Release|Any CPU.ActiveCfg = Release|x86
		{C0DE7463-37D7-4B03-B609-B70F23CFC3D1}.Release|Any CPU.Build.0 = Release|x86
		{C0DE7463-37D7-4B03-B609-B70F23CFC3D1}.Release|Any CPU.Deploy.0 = Release|x86
		{C0DE7463-37D7-4B03-B609-B70F23CFC3D1}.Release|ARM.ActiveCfg = Release|ARM
		{C0DE7463-37D7-4B03-B609-B70F23CFC3D1}.Release|ARM.Build.0 = Release|ARM
		{C0DE7463-37D7-4B03-B609-B70F23CFC3D1}.Release|ARM.Deploy.0 = Release|ARM
		{C0DE7463-37D7-4B03-B609-B70F23CFC3D1}.Release|iPhone.ActiveCfg = Release|x86
		{C0DE7463-37D7-4B03-B609-B70F23CFC3D1}.Release|iPhone.Build.0 = Release|x86
		{C0DE7463-37D7-4B03-B609-B70F23CFC3D1}.Release|iPhone.Deploy.0 = Release|x86
		{C0DE7463-37D7-4B03-B609-B70F23CFC3D1}.Release|iPhoneSimulator.ActiveCfg = Release|x86
		{C0DE7463-37D7-4B03-B609-B70F23CFC3D1}.Release|iPhoneSimulator.Build.0 = Release|x86
		{C0DE7463-37D7-4B03-B609-B70F23CFC3D1}.Release|iPhoneSimulator.Deploy.0 = Release|x86
		{C0DE7463-37D7-4B03-B609-B70F23CFC3D1}.Release|x64.ActiveCfg = Release|x64
		{C0DE7463-37D7-4B03-B609-B70F23CFC3D1}.Release|x64.Build.0 = Release|x64
		{C0DE7463-37D7-4B03-B609-B70F23CFC3D1}.Release|x64.Deploy.0 = Release|x64
		{C0DE7463-37D7-4B03-B609-B70F23CFC3D1}.Release|x86.ActiveCfg = Release|x86
		{C0DE7463-37D7-4B03-B609-B70F23CFC3D1}.Release|x86.Build.0 = Release|x86
		{C0DE7463-37D7-4B03-B609-B70F23CFC3D1}.Release|x86.Deploy.0 = Release|x86
		{C62C840F-FBDC-4D0E-BF90-7F8E6871A358}.Ad-Hoc|Any CPU.ActiveCfg = Debug|Any CPU
		{C62C840F-FBDC-4D0E-BF90-7F8E6871A358}.Ad-Hoc|Any CPU.Build.0 = Debug|Any CPU
		{C62C840F-FBDC-4D0E-BF90-7F8E6871A358}.Ad-Hoc|Any CPU.Deploy.0 = Debug|Any CPU
		{C62C840F-FBDC-4D0E-BF90-7F8E6871A358}.Ad-Hoc|ARM.ActiveCfg = Debug|Any CPU
		{C62C840F-FBDC-4D0E-BF90-7F8E6871A358}.Ad-Hoc|ARM.Build.0 = Debug|Any CPU
		{C62C840F-FBDC-4D0E-BF90-7F8E6871A358}.Ad-Hoc|ARM.Deploy.0 = Debug|Any CPU
		{C62C840F-FBDC-4D0E-BF90-7F8E6871A358}.Ad-Hoc|iPhone.ActiveCfg = Debug|Any CPU
		{C62C840F-FBDC-4D0E-BF90-7F8E6871A358}.Ad-Hoc|iPhone.Build.0 = Debug|Any CPU
		{C62C840F-FBDC-4D0E-BF90-7F8E6871A358}.Ad-Hoc|iPhone.Deploy.0 = Debug|Any CPU
		{C62C840F-FBDC-4D0E-BF90-7F8E6871A358}.Ad-Hoc|iPhoneSimulator.ActiveCfg = Debug|Any CPU
		{C62C840F-FBDC-4D0E-BF90-7F8E6871A358}.Ad-Hoc|iPhoneSimulator.Build.0 = Debug|Any CPU
		{C62C840F-FBDC-4D0E-BF90-7F8E6871A358}.Ad-Hoc|iPhoneSimulator.Deploy.0 = Debug|Any CPU
		{C62C840F-FBDC-4D0E-BF90-7F8E6871A358}.Ad-Hoc|x64.ActiveCfg = Debug|Any CPU
		{C62C840F-FBDC-4D0E-BF90-7F8E6871A358}.Ad-Hoc|x64.Build.0 = Debug|Any CPU
		{C62C840F-FBDC-4D0E-BF90-7F8E6871A358}.Ad-Hoc|x64.Deploy.0 = Debug|Any CPU
		{C62C840F-FBDC-4D0E-BF90-7F8E6871A358}.Ad-Hoc|x86.ActiveCfg = Debug|Any CPU
		{C62C840F-FBDC-4D0E-BF90-7F8E6871A358}.Ad-Hoc|x86.Build.0 = Debug|Any CPU
		{C62C840F-FBDC-4D0E-BF90-7F8E6871A358}.Ad-Hoc|x86.Deploy.0 = Debug|Any CPU
		{C62C840F-FBDC-4D0E-BF90-7F8E6871A358}.AppStore|Any CPU.ActiveCfg = Debug|Any CPU
		{C62C840F-FBDC-4D0E-BF90-7F8E6871A358}.AppStore|Any CPU.Build.0 = Debug|Any CPU
		{C62C840F-FBDC-4D0E-BF90-7F8E6871A358}.AppStore|Any CPU.Deploy.0 = Debug|Any CPU
		{C62C840F-FBDC-4D0E-BF90-7F8E6871A358}.AppStore|ARM.ActiveCfg = Debug|Any CPU
		{C62C840F-FBDC-4D0E-BF90-7F8E6871A358}.AppStore|ARM.Build.0 = Debug|Any CPU
		{C62C840F-FBDC-4D0E-BF90-7F8E6871A358}.AppStore|ARM.Deploy.0 = Debug|Any CPU
		{C62C840F-FBDC-4D0E-BF90-7F8E6871A358}.AppStore|iPhone.ActiveCfg = Debug|Any CPU
		{C62C840F-FBDC-4D0E-BF90-7F8E6871A358}.AppStore|iPhone.Build.0 = Debug|Any CPU
		{C62C840F-FBDC-4D0E-BF90-7F8E6871A358}.AppStore|iPhone.Deploy.0 = Debug|Any CPU
		{C62C840F-FBDC-4D0E-BF90-7F8E6871A358}.AppStore|iPhoneSimulator.ActiveCfg = Debug|Any CPU
		{C62C840F-FBDC-4D0E-BF90-7F8E6871A358}.AppStore|iPhoneSimulator.Build.0 = Debug|Any CPU
		{C62C840F-FBDC-4D0E-BF90-7F8E6871A358}.AppStore|iPhoneSimulator.Deploy.0 = Debug|Any CPU
		{C62C840F-FBDC-4D0E-BF90-7F8E6871A358}.AppStore|x64.ActiveCfg = Debug|Any CPU
		{C62C840F-FBDC-4D0E-BF90-7F8E6871A358}.AppStore|x64.Build.0 = Debug|Any CPU
		{C62C840F-FBDC-4D0E-BF90-7F8E6871A358}.AppStore|x64.Deploy.0 = Debug|Any CPU
		{C62C840F-FBDC-4D0E-BF90-7F8E6871A358}.AppStore|x86.ActiveCfg = Debug|Any CPU
		{C62C840F-FBDC-4D0E-BF90-7F8E6871A358}.AppStore|x86.Build.0 = Debug|Any CPU
		{C62C840F-FBDC-4D0E-BF90-7F8E6871A358}.AppStore|x86.Deploy.0 = Debug|Any CPU
		{C62C840F-FBDC-4D0E-BF90-7F8E6871A358}.Debug|Any CPU.ActiveCfg = Debug|Any CPU
		{C62C840F-FBDC-4D0E-BF90-7F8E6871A358}.Debug|Any CPU.Build.0 = Debug|Any CPU
		{C62C840F-FBDC-4D0E-BF90-7F8E6871A358}.Debug|Any CPU.Deploy.0 = Debug|Any CPU
		{C62C840F-FBDC-4D0E-BF90-7F8E6871A358}.Debug|ARM.ActiveCfg = Debug|Any CPU
		{C62C840F-FBDC-4D0E-BF90-7F8E6871A358}.Debug|ARM.Build.0 = Debug|Any CPU
		{C62C840F-FBDC-4D0E-BF90-7F8E6871A358}.Debug|ARM.Deploy.0 = Debug|Any CPU
		{C62C840F-FBDC-4D0E-BF90-7F8E6871A358}.Debug|iPhone.ActiveCfg = Debug|Any CPU
		{C62C840F-FBDC-4D0E-BF90-7F8E6871A358}.Debug|iPhone.Build.0 = Debug|Any CPU
		{C62C840F-FBDC-4D0E-BF90-7F8E6871A358}.Debug|iPhone.Deploy.0 = Debug|Any CPU
		{C62C840F-FBDC-4D0E-BF90-7F8E6871A358}.Debug|iPhoneSimulator.ActiveCfg = Debug|Any CPU
		{C62C840F-FBDC-4D0E-BF90-7F8E6871A358}.Debug|iPhoneSimulator.Build.0 = Debug|Any CPU
		{C62C840F-FBDC-4D0E-BF90-7F8E6871A358}.Debug|iPhoneSimulator.Deploy.0 = Debug|Any CPU
		{C62C840F-FBDC-4D0E-BF90-7F8E6871A358}.Debug|x64.ActiveCfg = Debug|Any CPU
		{C62C840F-FBDC-4D0E-BF90-7F8E6871A358}.Debug|x64.Build.0 = Debug|Any CPU
		{C62C840F-FBDC-4D0E-BF90-7F8E6871A358}.Debug|x64.Deploy.0 = Debug|Any CPU
		{C62C840F-FBDC-4D0E-BF90-7F8E6871A358}.Debug|x86.ActiveCfg = Debug|Any CPU
		{C62C840F-FBDC-4D0E-BF90-7F8E6871A358}.Debug|x86.Build.0 = Debug|Any CPU
		{C62C840F-FBDC-4D0E-BF90-7F8E6871A358}.Debug|x86.Deploy.0 = Debug|Any CPU
		{C62C840F-FBDC-4D0E-BF90-7F8E6871A358}.Release|Any CPU.ActiveCfg = Release|Any CPU
		{C62C840F-FBDC-4D0E-BF90-7F8E6871A358}.Release|Any CPU.Build.0 = Release|Any CPU
		{C62C840F-FBDC-4D0E-BF90-7F8E6871A358}.Release|Any CPU.Deploy.0 = Release|Any CPU
		{C62C840F-FBDC-4D0E-BF90-7F8E6871A358}.Release|ARM.ActiveCfg = Release|Any CPU
		{C62C840F-FBDC-4D0E-BF90-7F8E6871A358}.Release|ARM.Build.0 = Release|Any CPU
		{C62C840F-FBDC-4D0E-BF90-7F8E6871A358}.Release|ARM.Deploy.0 = Release|Any CPU
		{C62C840F-FBDC-4D0E-BF90-7F8E6871A358}.Release|iPhone.ActiveCfg = Release|Any CPU
		{C62C840F-FBDC-4D0E-BF90-7F8E6871A358}.Release|iPhone.Build.0 = Release|Any CPU
		{C62C840F-FBDC-4D0E-BF90-7F8E6871A358}.Release|iPhone.Deploy.0 = Release|Any CPU
		{C62C840F-FBDC-4D0E-BF90-7F8E6871A358}.Release|iPhoneSimulator.ActiveCfg = Release|Any CPU
		{C62C840F-FBDC-4D0E-BF90-7F8E6871A358}.Release|iPhoneSimulator.Build.0 = Release|Any CPU
		{C62C840F-FBDC-4D0E-BF90-7F8E6871A358}.Release|iPhoneSimulator.Deploy.0 = Release|Any CPU
		{C62C840F-FBDC-4D0E-BF90-7F8E6871A358}.Release|x64.ActiveCfg = Release|Any CPU
		{C62C840F-FBDC-4D0E-BF90-7F8E6871A358}.Release|x64.Build.0 = Release|Any CPU
		{C62C840F-FBDC-4D0E-BF90-7F8E6871A358}.Release|x64.Deploy.0 = Release|Any CPU
		{C62C840F-FBDC-4D0E-BF90-7F8E6871A358}.Release|x86.ActiveCfg = Release|Any CPU
		{C62C840F-FBDC-4D0E-BF90-7F8E6871A358}.Release|x86.Build.0 = Release|Any CPU
		{C62C840F-FBDC-4D0E-BF90-7F8E6871A358}.Release|x86.Deploy.0 = Release|Any CPU
	EndGlobalSection
	GlobalSection(SolutionProperties) = preSolution
		HideSolutionNode = FALSE
	EndGlobalSection
	GlobalSection(ExtensibilityGlobals) = postSolution
		SolutionGuid = {A9B86268-81C9-4489-A0D5-439AB0A7ED76}
	EndGlobalSection
EndGlobal
